// !$*UTF8*$!
{
	archiveVersion = 1;
	classes = {
	};
	objectVersion = 56;
	objects = {

/* Begin PBXBuildFile section */
		ED623C372BAA29D900D5B348 /* AppDelegate.swift in Sources */ = {isa = PBXBuildFile; fileRef = ED623C362BAA29D900D5B348 /* AppDelegate.swift */; };
		ED623C392BAA29D900D5B348 /* SceneDelegate.swift in Sources */ = {isa = PBXBuildFile; fileRef = ED623C382BAA29D900D5B348 /* SceneDelegate.swift */; };
		ED623C3B2BAA29D900D5B348 /* ViewController.swift in Sources */ = {isa = PBXBuildFile; fileRef = ED623C3A2BAA29D900D5B348 /* ViewController.swift */; };
		ED623C3E2BAA29D900D5B348 /* Base in Resources */ = {isa = PBXBuildFile; fileRef = ED623C3D2BAA29D900D5B348 /* Base */; };
		ED623C402BAA29D900D5B348 /* Assets.xcassets in Resources */ = {isa = PBXBuildFile; fileRef = ED623C3F2BAA29D900D5B348 /* Assets.xcassets */; };
		ED623C432BAA29D900D5B348 /* Base in Resources */ = {isa = PBXBuildFile; fileRef = ED623C422BAA29D900D5B348 /* Base */; };
		ED623C4E2BAA29DA00D5B348 /* zaratmaoyunuTests.swift in Sources */ = {isa = PBXBuildFile; fileRef = ED623C4D2BAA29DA00D5B348 /* zaratmaoyunuTests.swift */; };
		ED623C582BAA29DA00D5B348 /* zaratmaoyunuUITests.swift in Sources */ = {isa = PBXBuildFile; fileRef = ED623C572BAA29DA00D5B348 /* zaratmaoyunuUITests.swift */; };
		ED623C5A2BAA29DA00D5B348 /* zaratmaoyunuUITestsLaunchTests.swift in Sources */ = {isa = PBXBuildFile; fileRef = ED623C592BAA29DA00D5B348 /* zaratmaoyunuUITestsLaunchTests.swift */; };
/* End PBXBuildFile section */

/* Begin PBXContainerItemProxy section */
		ED623C4A2BAA29DA00D5B348 /* PBXContainerItemProxy */ = {
			isa = PBXContainerItemProxy;
			containerPortal = ED623C2B2BAA29D900D5B348 /* Project object */;
			proxyType = 1;
			remoteGlobalIDString = ED623C322BAA29D900D5B348;
			remoteInfo = zaratmaoyunu;
		};
		ED623C542BAA29DA00D5B348 /* PBXContainerItemProxy */ = {
			isa = PBXContainerItemProxy;
			containerPortal = ED623C2B2BAA29D900D5B348 /* Project object */;
			proxyType = 1;
			remoteGlobalIDString = ED623C322BAA29D900D5B348;
			remoteInfo = zaratmaoyunu;
		};
/* End PBXContainerItemProxy section */

/* Begin PBXFileReference section */
		ED623C332BAA29D900D5B348 /* zaratmaoyunu.app */ = {isa = PBXFileReference; explicitFileType = wrapper.application; includeInIndex = 0; path = zaratmaoyunu.app; sourceTree = BUILT_PRODUCTS_DIR; };
		ED623C362BAA29D900D5B348 /* AppDelegate.swift */ = {isa = PBXFileReference; lastKnownFileType = sourcecode.swift; path = AppDelegate.swift; sourceTree = "<group>"; };
		ED623C382BAA29D900D5B348 /* SceneDelegate.swift */ = {isa = PBXFileReference; lastKnownFileType = sourcecode.swift; path = SceneDelegate.swift; sourceTree = "<group>"; };
		ED623C3A2BAA29D900D5B348 /* ViewController.swift */ = {isa = PBXFileReference; lastKnownFileType = sourcecode.swift; path = ViewController.swift; sourceTree = "<group>"; };
		ED623C3D2BAA29D900D5B348 /* Base */ = {isa = PBXFileReference; lastKnownFileType = file.storyboard; name = Base; path = Base.lproj/Main.storyboard; sourceTree = "<group>"; };
		ED623C3F2BAA29D900D5B348 /* Assets.xcassets */ = {isa = PBXFileReference; lastKnownFileType = folder.assetcatalog; path = Assets.xcassets; sourceTree = "<group>"; };
		ED623C422BAA29D900D5B348 /* Base */ = {isa = PBXFileReference; lastKnownFileType = file.storyboard; name = Base; path = Base.lproj/LaunchScreen.storyboard; sourceTree = "<group>"; };
		ED623C442BAA29D900D5B348 /* Info.plist */ = {isa = PBXFileReference; lastKnownFileType = text.plist.xml; path = Info.plist; sourceTree = "<group>"; };
		ED623C492BAA29DA00D5B348 /* zaratmaoyunuTests.xctest */ = {isa = PBXFileReference; explicitFileType = wrapper.cfbundle; includeInIndex = 0; path = zaratmaoyunuTests.xctest; sourceTree = BUILT_PRODUCTS_DIR; };
		ED623C4D2BAA29DA00D5B348 /* zaratmaoyunuTests.swift */ = {isa = PBXFileReference; lastKnownFileType = sourcecode.swift; path = zaratmaoyunuTests.swift; sourceTree = "<group>"; };
		ED623C532BAA29DA00D5B348 /* zaratmaoyunuUITests.xctest */ = {isa = PBXFileReference; explicitFileType = wrapper.cfbundle; includeInIndex = 0; path = zaratmaoyunuUITests.xctest; sourceTree = BUILT_PRODUCTS_DIR; };
		ED623C572BAA29DA00D5B348 /* zaratmaoyunuUITests.swift */ = {isa = PBXFileReference; lastKnownFileType = sourcecode.swift; path = zaratmaoyunuUITests.swift; sourceTree = "<group>"; };
		ED623C592BAA29DA00D5B348 /* zaratmaoyunuUITestsLaunchTests.swift */ = {isa = PBXFileReference; lastKnownFileType = sourcecode.swift; path = zaratmaoyunuUITestsLaunchTests.swift; sourceTree = "<group>"; };
/* End PBXFileReference section */

/* Begin PBXFrameworksBuildPhase section */
		ED623C302BAA29D900D5B348 /* Frameworks */ = {
			isa = PBXFrameworksBuildPhase;
			buildActionMask = 2147483647;
			files = (
			);
			runOnlyForDeploymentPostprocessing = 0;
		};
		ED623C462BAA29DA00D5B348 /* Frameworks */ = {
			isa = PBXFrameworksBuildPhase;
			buildActionMask = 2147483647;
			files = (
			);
			runOnlyForDeploymentPostprocessing = 0;
		};
		ED623C502BAA29DA00D5B348 /* Frameworks */ = {
			isa = PBXFrameworksBuildPhase;
			buildActionMask = 2147483647;
			files = (
			);
			runOnlyForDeploymentPostprocessing = 0;
		};
/* End PBXFrameworksBuildPhase section */

/* Begin PBXGroup section */
		ED623C2A2BAA29D900D5B348 = {
			isa = PBXGroup;
			children = (
				ED623C352BAA29D900D5B348 /* zaratmaoyunu */,
				ED623C4C2BAA29DA00D5B348 /* zaratmaoyunuTests */,
				ED623C562BAA29DA00D5B348 /* zaratmaoyunuUITests */,
				ED623C342BAA29D900D5B348 /* Products */,
			);
			sourceTree = "<group>";
		};
		ED623C342BAA29D900D5B348 /* Products */ = {
			isa = PBXGroup;
			children = (
				ED623C332BAA29D900D5B348 /* zaratmaoyunu.app */,
				ED623C492BAA29DA00D5B348 /* zaratmaoyunuTests.xctest */,
				ED623C532BAA29DA00D5B348 /* zaratmaoyunuUITests.xctest */,
			);
			name = Products;
			sourceTree = "<group>";
		};
		ED623C352BAA29D900D5B348 /* zaratmaoyunu */ = {
			isa = PBXGroup;
			children = (
				ED623C362BAA29D900D5B348 /* AppDelegate.swift */,
				ED623C382BAA29D900D5B348 /* SceneDelegate.swift */,
				ED623C3A2BAA29D900D5B348 /* ViewController.swift */,
				ED623C3C2BAA29D900D5B348 /* Main.storyboard */,
				ED623C3F2BAA29D900D5B348 /* Assets.xcassets */,
				ED623C412BAA29D900D5B348 /* LaunchScreen.storyboard */,
				ED623C442BAA29D900D5B348 /* Info.plist */,
			);
			path = zaratmaoyunu;
			sourceTree = "<group>";
		};
		ED623C4C2BAA29DA00D5B348 /* zaratmaoyunuTests */ = {
			isa = PBXGroup;
			children = (
				ED623C4D2BAA29DA00D5B348 /* zaratmaoyunuTests.swift */,
			);
			path = zaratmaoyunuTests;
			sourceTree = "<group>";
		};
		ED623C562BAA29DA00D5B348 /* zaratmaoyunuUITests */ = {
			isa = PBXGroup;
			children = (
				ED623C572BAA29DA00D5B348 /* zaratmaoyunuUITests.swift */,
				ED623C592BAA29DA00D5B348 /* zaratmaoyunuUITestsLaunchTests.swift */,
			);
			path = zaratmaoyunuUITests;
			sourceTree = "<group>";
		};
/* End PBXGroup section */

/* Begin PBXNativeTarget section */
		ED623C322BAA29D900D5B348 /* zaratmaoyunu */ = {
			isa = PBXNativeTarget;
			buildConfigurationList = ED623C5D2BAA29DA00D5B348 /* Build configuration list for PBXNativeTarget "zaratmaoyunu" */;
			buildPhases = (
				ED623C2F2BAA29D900D5B348 /* Sources */,
				ED623C302BAA29D900D5B348 /* Frameworks */,
				ED623C312BAA29D900D5B348 /* Resources */,
			);
			buildRules = (
			);
			dependencies = (
			);
			name = zaratmaoyunu;
			productName = zaratmaoyunu;
			productReference = ED623C332BAA29D900D5B348 /* zaratmaoyunu.app */;
			productType = "com.apple.product-type.application";
		};
		ED623C482BAA29DA00D5B348 /* zaratmaoyunuTests */ = {
			isa = PBXNativeTarget;
			buildConfigurationList = ED623C602BAA29DA00D5B348 /* Build configuration list for PBXNativeTarget "zaratmaoyunuTests" */;
			buildPhases = (
				ED623C452BAA29DA00D5B348 /* Sources */,
				ED623C462BAA29DA00D5B348 /* Frameworks */,
				ED623C472BAA29DA00D5B348 /* Resources */,
			);
			buildRules = (
			);
			dependencies = (
				ED623C4B2BAA29DA00D5B348 /* PBXTargetDependency */,
			);
			name = zaratmaoyunuTests;
			productName = zaratmaoyunuTests;
			productReference = ED623C492BAA29DA00D5B348 /* zaratmaoyunuTests.xctest */;
			productType = "com.apple.product-type.bundle.unit-test";
		};
		ED623C522BAA29DA00D5B348 /* zaratmaoyunuUITests */ = {
			isa = PBXNativeTarget;
			buildConfigurationList = ED623C632BAA29DA00D5B348 /* Build configuration list for PBXNativeTarget "zaratmaoyunuUITests" */;
			buildPhases = (
				ED623C4F2BAA29DA00D5B348 /* Sources */,
				ED623C502BAA29DA00D5B348 /* Frameworks */,
				ED623C512BAA29DA00D5B348 /* Resources */,
			);
			buildRules = (
			);
			dependencies = (
				ED623C552BAA29DA00D5B348 /* PBXTargetDependency */,
			);
			name = zaratmaoyunuUITests;
			productName = zaratmaoyunuUITests;
			productReference = ED623C532BAA29DA00D5B348 /* zaratmaoyunuUITests.xctest */;
			productType = "com.apple.product-type.bundle.ui-testing";
		};
/* End PBXNativeTarget section */

/* Begin PBXProject section */
		ED623C2B2BAA29D900D5B348 /* Project object */ = {
			isa = PBXProject;
			attributes = {
				BuildIndependentTargetsInParallel = 1;
				LastSwiftUpdateCheck = 1530;
				LastUpgradeCheck = 1530;
				TargetAttributes = {
					ED623C322BAA29D900D5B348 = {
						CreatedOnToolsVersion = 15.3;
					};
					ED623C482BAA29DA00D5B348 = {
						CreatedOnToolsVersion = 15.3;
						TestTargetID = ED623C322BAA29D900D5B348;
					};
					ED623C522BAA29DA00D5B348 = {
						CreatedOnToolsVersion = 15.3;
						TestTargetID = ED623C322BAA29D900D5B348;
					};
				};
			};
			buildConfigurationList = ED623C2E2BAA29D900D5B348 /* Build configuration list for PBXProject "zaratmaoyunu" */;
			compatibilityVersion = "Xcode 14.0";
			developmentRegion = en;
			hasScannedForEncodings = 0;
			knownRegions = (
				en,
				Base,
			);
			mainGroup = ED623C2A2BAA29D900D5B348;
			productRefGroup = ED623C342BAA29D900D5B348 /* Products */;
			projectDirPath = "";
			projectRoot = "";
			targets = (
				ED623C322BAA29D900D5B348 /* zaratmaoyunu */,
				ED623C482BAA29DA00D5B348 /* zaratmaoyunuTests */,
				ED623C522BAA29DA00D5B348 /* zaratmaoyunuUITests */,
			);
		};
/* End PBXProject section */

/* Begin PBXResourcesBuildPhase section */
		ED623C312BAA29D900D5B348 /* Resources */ = {
			isa = PBXResourcesBuildPhase;
			buildActionMask = 2147483647;
			files = (
				ED623C402BAA29D900D5B348 /* Assets.xcassets in Resources */,
				ED623C432BAA29D900D5B348 /* Base in Resources */,
				ED623C3E2BAA29D900D5B348 /* Base in Resources */,
			);
			runOnlyForDeploymentPostprocessing = 0;
		};
		ED623C472BAA29DA00D5B348 /* Resources */ = {
			isa = PBXResourcesBuildPhase;
			buildActionMask = 2147483647;
			files = (
			);
			runOnlyForDeploymentPostprocessing = 0;
		};
		ED623C512BAA29DA00D5B348 /* Resources */ = {
			isa = PBXResourcesBuildPhase;
			buildActionMask = 2147483647;
			files = (
			);
			runOnlyForDeploymentPostprocessing = 0;
		};
/* End PBXResourcesBuildPhase section */

/* Begin PBXSourcesBuildPhase section */
		ED623C2F2BAA29D900D5B348 /* Sources */ = {
			isa = PBXSourcesBuildPhase;
			buildActionMask = 2147483647;
			files = (
				ED623C3B2BAA29D900D5B348 /* ViewController.swift in Sources */,
				ED623C372BAA29D900D5B348 /* AppDelegate.swift in Sources */,
				ED623C392BAA29D900D5B348 /* SceneDelegate.swift in Sources */,
			);
			runOnlyForDeploymentPostprocessing = 0;
		};
		ED623C452BAA29DA00D5B348 /* Sources */ = {
			isa = PBXSourcesBuildPhase;
			buildActionMask = 2147483647;
			files = (
				ED623C4E2BAA29DA00D5B348 /* zaratmaoyunuTests.swift in Sources */,
			);
			runOnlyForDeploymentPostprocessing = 0;
		};
		ED623C4F2BAA29DA00D5B348 /* Sources */ = {
			isa = PBXSourcesBuildPhase;
			buildActionMask = 2147483647;
			files = (
				ED623C5A2BAA29DA00D5B348 /* zaratmaoyunuUITestsLaunchTests.swift in Sources */,
				ED623C582BAA29DA00D5B348 /* zaratmaoyunuUITests.swift in Sources */,
			);
			runOnlyForDeploymentPostprocessing = 0;
		};
/* End PBXSourcesBuildPhase section */

/* Begin PBXTargetDependency section */
		ED623C4B2BAA29DA00D5B348 /* PBXTargetDependency */ = {
			isa = PBXTargetDependency;
			target = ED623C322BAA29D900D5B348 /* zaratmaoyunu */;
			targetProxy = ED623C4A2BAA29DA00D5B348 /* PBXContainerItemProxy */;
		};
		ED623C552BAA29DA00D5B348 /* PBXTargetDependency */ = {
			isa = PBXTargetDependency;
			target = ED623C322BAA29D900D5B348 /* zaratmaoyunu */;
			targetProxy = ED623C542BAA29DA00D5B348 /* PBXContainerItemProxy */;
		};
/* End PBXTargetDependency section */

/* Begin PBXVariantGroup section */
		ED623C3C2BAA29D900D5B348 /* Main.storyboard */ = {
			isa = PBXVariantGroup;
			children = (
				ED623C3D2BAA29D900D5B348 /* Base */,
			);
			name = Main.storyboard;
			sourceTree = "<group>";
		};
		ED623C412BAA29D900D5B348 /* LaunchScreen.storyboard */ = {
			isa = PBXVariantGroup;
			children = (
				ED623C422BAA29D900D5B348 /* Base */,
			);
			name = LaunchScreen.storyboard;
			sourceTree = "<group>";
		};
/* End PBXVariantGroup section */

/* Begin XCBuildConfiguration section */
		ED623C5B2BAA29DA00D5B348 /* Debug */ = {
			isa = XCBuildConfiguration;
			buildSettings = {
				ALWAYS_SEARCH_USER_PATHS = NO;
				ASSETCATALOG_COMPILER_GENERATE_SWIFT_ASSET_SYMBOL_EXTENSIONS = YES;
				CLANG_ANALYZER_NONNULL = YES;
				CLANG_ANALYZER_NUMBER_OBJECT_CONVERSION = YES_AGGRESSIVE;
				CLANG_CXX_LANGUAGE_STANDARD = "gnu++20";
				CLANG_ENABLE_MODULES = YES;
				CLANG_ENABLE_OBJC_ARC = YES;
				CLANG_ENABLE_OBJC_WEAK = YES;
				CLANG_WARN_BLOCK_CAPTURE_AUTORELEASING = YES;
				CLANG_WARN_BOOL_CONVERSION = YES;
				CLANG_WARN_COMMA = YES;
				CLANG_WARN_CONSTANT_CONVERSION = YES;
				CLANG_WARN_DEPRECATED_OBJC_IMPLEMENTATIONS = YES;
				CLANG_WARN_DIRECT_OBJC_ISA_USAGE = YES_ERROR;
				CLANG_WARN_DOCUMENTATION_COMMENTS = YES;
				CLANG_WARN_EMPTY_BODY = YES;
				CLANG_WARN_ENUM_CONVERSION = YES;
				CLANG_WARN_INFINITE_RECURSION = YES;
				CLANG_WARN_INT_CONVERSION = YES;
				CLANG_WARN_NON_LITERAL_NULL_CONVERSION = YES;
				CLANG_WARN_OBJC_IMPLICIT_RETAIN_SELF = YES;
				CLANG_WARN_OBJC_LITERAL_CONVERSION = YES;
				CLANG_WARN_OBJC_ROOT_CLASS = YES_ERROR;
				CLANG_WARN_QUOTED_INCLUDE_IN_FRAMEWORK_HEADER = YES;
				CLANG_WARN_RANGE_LOOP_ANALYSIS = YES;
				CLANG_WARN_STRICT_PROTOTYPES = YES;
				CLANG_WARN_SUSPICIOUS_MOVE = YES;
				CLANG_WARN_UNGUARDED_AVAILABILITY = YES_AGGRESSIVE;
				CLANG_WARN_UNREACHABLE_CODE = YES;
				CLANG_WARN__DUPLICATE_METHOD_MATCH = YES;
				COPY_PHASE_STRIP = NO;
				DEBUG_INFORMATION_FORMAT = dwarf;
				ENABLE_STRICT_OBJC_MSGSEND = YES;
				ENABLE_TESTABILITY = YES;
				ENABLE_USER_SCRIPT_SANDBOXING = YES;
				GCC_C_LANGUAGE_STANDARD = gnu17;
				GCC_DYNAMIC_NO_PIC = NO;
				GCC_NO_COMMON_BLOCKS = YES;
				GCC_OPTIMIZATION_LEVEL = 0;
				GCC_PREPROCESSOR_DEFINITIONS = (
					"DEBUG=1",
					"$(inherited)",
				);
				GCC_WARN_64_TO_32_BIT_CONVERSION = YES;
				GCC_WARN_ABOUT_RETURN_TYPE = YES_ERROR;
				GCC_WARN_UNDECLARED_SELECTOR = YES;
				GCC_WARN_UNINITIALIZED_AUTOS = YES_AGGRESSIVE;
				GCC_WARN_UNUSED_FUNCTION = YES;
				GCC_WARN_UNUSED_VARIABLE = YES;
				IPHONEOS_DEPLOYMENT_TARGET = 17.4;
				LOCALIZATION_PREFERS_STRING_CATALOGS = YES;
				MTL_ENABLE_DEBUG_INFO = INCLUDE_SOURCE;
				MTL_FAST_MATH = YES;
				ONLY_ACTIVE_ARCH = YES;
				SDKROOT = iphoneos;
				SWIFT_ACTIVE_COMPILATION_CONDITIONS = "DEBUG $(inherited)";
				SWIFT_OPTIMIZATION_LEVEL = "-Onone";
			};
			name = Debug;
		};
		ED623C5C2BAA29DA00D5B348 /* Release */ = {
			isa = XCBuildConfiguration;
			buildSettings = {
				ALWAYS_SEARCH_USER_PATHS = NO;
				ASSETCATALOG_COMPILER_GENERATE_SWIFT_ASSET_SYMBOL_EXTENSIONS = YES;
				CLANG_ANALYZER_NONNULL = YES;
				CLANG_ANALYZER_NUMBER_OBJECT_CONVERSION = YES_AGGRESSIVE;
				CLANG_CXX_LANGUAGE_STANDARD = "gnu++20";
				CLANG_ENABLE_MODULES = YES;
				CLANG_ENABLE_OBJC_ARC = YES;
				CLANG_ENABLE_OBJC_WEAK = YES;
				CLANG_WARN_BLOCK_CAPTURE_AUTORELEASING = YES;
				CLANG_WARN_BOOL_CONVERSION = YES;
				CLANG_WARN_COMMA = YES;
				CLANG_WARN_CONSTANT_CONVERSION = YES;
				CLANG_WARN_DEPRECATED_OBJC_IMPLEMENTATIONS = YES;
				CLANG_WARN_DIRECT_OBJC_ISA_USAGE = YES_ERROR;
				CLANG_WARN_DOCUMENTATION_COMMENTS = YES;
				CLANG_WARN_EMPTY_BODY = YES;
				CLANG_WARN_ENUM_CONVERSION = YES;
				CLANG_WARN_INFINITE_RECURSION = YES;
				CLANG_WARN_INT_CONVERSION = YES;
				CLANG_WARN_NON_LITERAL_NULL_CONVERSION = YES;
				CLANG_WARN_OBJC_IMPLICIT_RETAIN_SELF = YES;
				CLANG_WARN_OBJC_LITERAL_CONVERSION = YES;
				CLANG_WARN_OBJC_ROOT_CLASS = YES_ERROR;
				CLANG_WARN_QUOTED_INCLUDE_IN_FRAMEWORK_HEADER = YES;
				CLANG_WARN_RANGE_LOOP_ANALYSIS = YES;
				CLANG_WARN_STRICT_PROTOTYPES = YES;
				CLANG_WARN_SUSPICIOUS_MOVE = YES;
				CLANG_WARN_UNGUARDED_AVAILABILITY = YES_AGGRESSIVE;
				CLANG_WARN_UNREACHABLE_CODE = YES;
				CLANG_WARN__DUPLICATE_METHOD_MATCH = YES;
				COPY_PHASE_STRIP = NO;
				DEBUG_INFORMATION_FORMAT = "dwarf-with-dsym";
				ENABLE_NS_ASSERTIONS = NO;
				ENABLE_STRICT_OBJC_MSGSEND = YES;
				ENABLE_USER_SCRIPT_SANDBOXING = YES;
				GCC_C_LANGUAGE_STANDARD = gnu17;
				GCC_NO_COMMON_BLOCKS = YES;
				GCC_WARN_64_TO_32_BIT_CONVERSION = YES;
				GCC_WARN_ABOUT_RETURN_TYPE = YES_ERROR;
				GCC_WARN_UNDECLARED_SELECTOR = YES;
				GCC_WARN_UNINITIALIZED_AUTOS = YES_AGGRESSIVE;
				GCC_WARN_UNUSED_FUNCTION = YES;
				GCC_WARN_UNUSED_VARIABLE = YES;
				IPHONEOS_DEPLOYMENT_TARGET = 17.4;
				LOCALIZATION_PREFERS_STRING_CATALOGS = YES;
				MTL_ENABLE_DEBUG_INFO = NO;
				MTL_FAST_MATH = YES;
				SDKROOT = iphoneos;
				SWIFT_COMPILATION_MODE = wholemodule;
				VALIDATE_PRODUCT = YES;
			};
			name = Release;
		};
		ED623C5E2BAA29DA00D5B348 /* Debug */ = {
			isa = XCBuildConfiguration;
			buildSettings = {
				ASSETCATALOG_COMPILER_APPICON_NAME = AppIcon;
				ASSETCATALOG_COMPILER_GLOBAL_ACCENT_COLOR_NAME = AccentColor;
				CODE_SIGN_STYLE = Automatic;
				CURRENT_PROJECT_VERSION = 1;
				GENERATE_INFOPLIST_FILE = YES;
				INFOPLIST_FILE = zaratmaoyunu/Info.plist;
				INFOPLIST_KEY_UIApplicationSupportsIndirectInputEvents = YES;
				INFOPLIST_KEY_UILaunchStoryboardName = LaunchScreen;
				INFOPLIST_KEY_UIMainStoryboardFile = Main;
				INFOPLIST_KEY_UISupportedInterfaceOrientations_iPad = "UIInterfaceOrientationPortrait UIInterfaceOrientationPortraitUpsideDown UIInterfaceOrientationLandscapeLeft UIInterfaceOrientationLandscapeRight";
				INFOPLIST_KEY_UISupportedInterfaceOrientations_iPhone = "UIInterfaceOrientationPortrait UIInterfaceOrientationLandscapeLeft UIInterfaceOrientationLandscapeRight";
				LD_RUNPATH_SEARCH_PATHS = (
					"$(inherited)",
					"@executable_path/Frameworks",
				);
				MARKETING_VERSION = 1.0;
				PRODUCT_BUNDLE_IDENTIFIER = ilkproje.zaratmaoyunu;
				PRODUCT_NAME = "$(TARGET_NAME)";
				SWIFT_EMIT_LOC_STRINGS = YES;
				SWIFT_VERSION = 5.0;
				TARGETED_DEVICE_FAMILY = "1,2";
			};
			name = Debug;
		};
		ED623C5F2BAA29DA00D5B348 /* Release */ = {
			isa = XCBuildConfiguration;
			buildSettings = {
				ASSETCATALOG_COMPILER_APPICON_NAME = AppIcon;
				ASSETCATALOG_COMPILER_GLOBAL_ACCENT_COLOR_NAME = AccentColor;
				CODE_SIGN_STYLE = Automatic;
				CURRENT_PROJECT_VERSION = 1;
				GENERATE_INFOPLIST_FILE = YES;
				INFOPLIST_FILE = zaratmaoyunu/Info.plist;
				INFOPLIST_KEY_UIApplicationSupportsIndirectInputEvents = YES;
				INFOPLIST_KEY_UILaunchStoryboardName = LaunchScreen;
				INFOPLIST_KEY_UIMainStoryboardFile = Main;
				INFOPLIST_KEY_UISupportedInterfaceOrientations_iPad = "UIInterfaceOrientationPortrait UIInterfaceOrientationPortraitUpsideDown UIInterfaceOrientationLandscapeLeft UIInterfaceOrientationLandscapeRight";
				INFOPLIST_KEY_UISupportedInterfaceOrientations_iPhone = "UIInterfaceOrientationPortrait UIInterfaceOrientationLandscapeLeft UIInterfaceOrientationLandscapeRight";
				LD_RUNPATH_SEARCH_PATHS = (
					"$(inherited)",
					"@executable_path/Frameworks",
				);
				MARKETING_VERSION = 1.0;
				PRODUCT_BUNDLE_IDENTIFIER = ilkproje.zaratmaoyunu;
				PRODUCT_NAME = "$(TARGET_NAME)";
				SWIFT_EMIT_LOC_STRINGS = YES;
				SWIFT_VERSION = 5.0;
				TARGETED_DEVICE_FAMILY = "1,2";
			};
			name = Release;
		};
		ED623C612BAA29DA00D5B348 /* Debug */ = {
			isa = XCBuildConfiguration;
			buildSettings = {
				ALWAYS_EMBED_SWIFT_STANDARD_LIBRARIES = YES;
				BUNDLE_LOADER = "$(TEST_HOST)";
				CODE_SIGN_STYLE = Automatic;
				CURRENT_PROJECT_VERSION = 1;
				GENERATE_INFOPLIST_FILE = YES;
				IPHONEOS_DEPLOYMENT_TARGET = 17.4;
				MARKETING_VERSION = 1.0;
				PRODUCT_BUNDLE_IDENTIFIER = ilkproje.zaratmaoyunuTests;
				PRODUCT_NAME = "$(TARGET_NAME)";
				SWIFT_EMIT_LOC_STRINGS = NO;
				SWIFT_VERSION = 5.0;
				TARGETED_DEVICE_FAMILY = "1,2";
				TEST_HOST = "$(BUILT_PRODUCTS_DIR)/zaratmaoyunu.app/$(BUNDLE_EXECUTABLE_FOLDER_PATH)/zaratmaoyunu";
			};
			name = Debug;
		};
		ED623C622BAA29DA00D5B348 /* Release */ = {
			isa = XCBuildConfiguration;
			buildSettings = {
				ALWAYS_EMBED_SWIFT_STANDARD_LIBRARIES = YES;
				BUNDLE_LOADER = "$(TEST_HOST)";
				CODE_SIGN_STYLE = Automatic;
				CURRENT_PROJECT_VERSION = 1;
				GENERATE_INFOPLIST_FILE = YES;
				IPHONEOS_DEPLOYMENT_TARGET = 17.4;
				MARKETING_VERSION = 1.0;
				PRODUCT_BUNDLE_IDENTIFIER = ilkproje.zaratmaoyunuTests;
				PRODUCT_NAME = "$(TARGET_NAME)";
				SWIFT_EMIT_LOC_STRINGS = NO;
				SWIFT_VERSION = 5.0;
				TARGETED_DEVICE_FAMILY = "1,2";
				TEST_HOST = "$(BUILT_PRODUCTS_DIR)/zaratmaoyunu.app/$(BUNDLE_EXECUTABLE_FOLDER_PATH)/zaratmaoyunu";
			};
			name = Release;
		};
		ED623C642BAA29DA00D5B348 /* Debug */ = {
			isa = XCBuildConfiguration;
			buildSettings = {
				ALWAYS_EMBED_SWIFT_STANDARD_LIBRARIES = YES;
				CODE_SIGN_STYLE = Automatic;
				CURRENT_PROJECT_VERSION = 1;
				GENERATE_INFOPLIST_FILE = YES;
				MARKETING_VERSION = 1.0;
				PRODUCT_BUNDLE_IDENTIFIER = ilkproje.zaratmaoyunuUITests;
				PRODUCT_NAME = "$(TARGET_NAME)";
				SWIFT_EMIT_LOC_STRINGS = NO;
				SWIFT_VERSION = 5.0;
				TARGETED_DEVICE_FAMILY = "1,2";
				TEST_TARGET_NAME = zaratmaoyunu;
			};
			name = Debug;
		};
		ED623C652BAA29DA00D5B348 /* Release */ = {
			isa = XCBuildConfiguration;
			buildSettings = {
				ALWAYS_EMBED_SWIFT_STANDARD_LIBRARIES = YES;
				CODE_SIGN_STYLE = Automatic;
				CURRENT_PROJECT_VERSION = 1;
				GENERATE_INFOPLIST_FILE = YES;
				MARKETING_VERSION = 1.0;
				PRODUCT_BUNDLE_IDENTIFIER = ilkproje.zaratmaoyunuUITests;
				PRODUCT_NAME = "$(TARGET_NAME)";
				SWIFT_EMIT_LOC_STRINGS = NO;
				SWIFT_VERSION = 5.0;
				TARGETED_DEVICE_FAMILY = "1,2";
				TEST_TARGET_NAME = zaratmaoyunu;
			};
			name = Release;
		};
/* End XCBuildConfiguration section */

/* Begin XCConfigurationList section */
		ED623C2E2BAA29D900D5B348 /* Build configuration list for PBXProject "zaratmaoyunu" */ = {
			isa = XCConfigurationList;
			buildConfigurations = (
				ED623C5B2BAA29DA00D5B348 /* Debug */,
				ED623C5C2BAA29DA00D5B348 /* Release */,
			);
			defaultConfigurationIsVisible = 0;
			defaultConfigurationName = Release;
		};
		ED623C5D2BAA29DA00D5B348 /* Build configuration list for PBXNativeTarget "zaratmaoyunu" */ = {
			isa = XCConfigurationList;
			buildConfigurations = (
				ED623C5E2BAA29DA00D5B348 /* Debug */,
				ED623C5F2BAA29DA00D5B348 /* Release */,
			);
			defaultConfigurationIsVisible = 0;
			defaultConfigurationName = Release;
		};
		ED623C602BAA29DA00D5B348 /* Build configuration list for PBXNativeTarget "zaratmaoyunuTests" */ = {
			isa = XCConfigurationList;
			buildConfigurations = (
				ED623C612BAA29DA00D5B348 /* Debug */,
				ED623C622BAA29DA00D5B348 /* Release */,
			);
			defaultConfigurationIsVisible = 0;
			defaultConfigurationName = Release;
		};
		ED623C632BAA29DA00D5B348 /* Build configuration list for PBXNativeTarget "zaratmaoyunuUITests" */ = {
			isa = XCConfigurationList;
			buildConfigurations = (
				ED623C642BAA29DA00D5B348 /* Debug */,
				ED623C652BAA29DA00D5B348 /* Release */,
			);
			defaultConfigurationIsVisible = 0;
			defaultConfigurationName = Release;
		};
/* End XCConfigurationList section */
	};
	rootObject = ED623C2B2BAA29D900D5B348 /* Project object */;
}
